// !$*UTF8*$!
{
	archiveVersion = 1;
	classes = {
	};
	objectVersion = 51;
	objects = {

/* Begin PBXBuildFile section */
		2D0499852443772000C2F193 /* GetHelpTableViewController.swift in Sources */ = {isa = PBXBuildFile; fileRef = 2D0499842443772000C2F193 /* GetHelpTableViewController.swift */; };
		2D04998724437E3F00C2F193 /* GetHelpTableViewCell.swift in Sources */ = {isa = PBXBuildFile; fileRef = 2D04998624437E3F00C2F193 /* GetHelpTableViewCell.swift */; };
		2D1CECC224438053008F3AD5 /* Helper.swift in Sources */ = {isa = PBXBuildFile; fileRef = 2D1CECC124438053008F3AD5 /* Helper.swift */; };
		2D1CECC424438986008F3AD5 /* HelperViewController.swift in Sources */ = {isa = PBXBuildFile; fileRef = 2D1CECC324438986008F3AD5 /* HelperViewController.swift */; };
		2D49BC01244186C700AE736F /* AppDelegate.swift in Sources */ = {isa = PBXBuildFile; fileRef = 2D49BC00244186C700AE736F /* AppDelegate.swift */; };
		2D49BC03244186C700AE736F /* SceneDelegate.swift in Sources */ = {isa = PBXBuildFile; fileRef = 2D49BC02244186C700AE736F /* SceneDelegate.swift */; };
		2D49BC05244186C700AE736F /* ViewController.swift in Sources */ = {isa = PBXBuildFile; fileRef = 2D49BC04244186C700AE736F /* ViewController.swift */; };
		2D49BC08244186C700AE736F /* Main.storyboard in Resources */ = {isa = PBXBuildFile; fileRef = 2D49BC06244186C700AE736F /* Main.storyboard */; };
		2D49BC0B244186C700AE736F /* MyHome.xcdatamodeld in Sources */ = {isa = PBXBuildFile; fileRef = 2D49BC09244186C700AE736F /* MyHome.xcdatamodeld */; };
		2D49BC0D244186CC00AE736F /* Assets.xcassets in Resources */ = {isa = PBXBuildFile; fileRef = 2D49BC0C244186CC00AE736F /* Assets.xcassets */; };
		2D49BC10244186CC00AE736F /* LaunchScreen.storyboard in Resources */ = {isa = PBXBuildFile; fileRef = 2D49BC0E244186CC00AE736F /* LaunchScreen.storyboard */; };
		2D49BC23244197B700AE736F /* Styles.swift in Sources */ = {isa = PBXBuildFile; fileRef = 2D49BC22244197B700AE736F /* Styles.swift */; };
		2D49BC252441990C00AE736F /* RegisterViewController.swift in Sources */ = {isa = PBXBuildFile; fileRef = 2D49BC242441990C00AE736F /* RegisterViewController.swift */; };
		2D49BC2B24419B9F00AE736F /* ScheduleGuestArrivalViewController.swift in Sources */ = {isa = PBXBuildFile; fileRef = 2D49BC2A24419B9F00AE736F /* ScheduleGuestArrivalViewController.swift */; };
		2D49BC2F2441C98D00AE736F /* DashboardViewController.swift in Sources */ = {isa = PBXBuildFile; fileRef = 2D49BC2E2441C98D00AE736F /* DashboardViewController.swift */; };
		2D49BC352441D91800AE736F /* GoogleService-Info.plist in Resources */ = {isa = PBXBuildFile; fileRef = 2D49BC342441D91800AE736F /* GoogleService-Info.plist */; };
		2D49BC372441E0A300AE736F /* CustomAlert.swift in Sources */ = {isa = PBXBuildFile; fileRef = 2D49BC362441E0A300AE736F /* CustomAlert.swift */; };
		2D49BC392441E5BF00AE736F /* HomeNavigationController.swift in Sources */ = {isa = PBXBuildFile; fileRef = 2D49BC382441E5BF00AE736F /* HomeNavigationController.swift */; };
		2D5D95C2244354610007D9B2 /* Constants.swift in Sources */ = {isa = PBXBuildFile; fileRef = 2D5D95C1244354610007D9B2 /* Constants.swift */; };
		2D7CE2152442302300E5C645 /* Guest.swift in Sources */ = {isa = PBXBuildFile; fileRef = 2D7CE2142442302300E5C645 /* Guest.swift */; };
		2DEB860F24434699006E8676 /* PayBillsViewController.swift in Sources */ = {isa = PBXBuildFile; fileRef = 2DEB860E24434699006E8676 /* PayBillsViewController.swift */; };
		50B398CDD38E738BE7CF5A2A /* Pods_MyHome.framework in Frameworks */ = {isa = PBXBuildFile; fileRef = 785D83BB0D5D5E04A2FECA0A /* Pods_MyHome.framework */; };
/* End PBXBuildFile section */

/* Begin PBXFileReference section */
		2D0499842443772000C2F193 /* GetHelpTableViewController.swift */ = {isa = PBXFileReference; lastKnownFileType = sourcecode.swift; name = GetHelpTableViewController.swift; path = MyHome/GetHelpTableViewController.swift; sourceTree = SOURCE_ROOT; };
		2D04998624437E3F00C2F193 /* GetHelpTableViewCell.swift */ = {isa = PBXFileReference; lastKnownFileType = sourcecode.swift; path = GetHelpTableViewCell.swift; sourceTree = "<group>"; };
		2D1CECC124438053008F3AD5 /* Helper.swift */ = {isa = PBXFileReference; lastKnownFileType = sourcecode.swift; path = Helper.swift; sourceTree = "<group>"; };
		2D1CECC324438986008F3AD5 /* HelperViewController.swift */ = {isa = PBXFileReference; lastKnownFileType = sourcecode.swift; name = HelperViewController.swift; path = MyHome/HelperViewController.swift; sourceTree = SOURCE_ROOT; };
		2D49BBFD244186C700AE736F /* MyHome.app */ = {isa = PBXFileReference; explicitFileType = wrapper.application; includeInIndex = 0; path = MyHome.app; sourceTree = BUILT_PRODUCTS_DIR; };
		2D49BC00244186C700AE736F /* AppDelegate.swift */ = {isa = PBXFileReference; lastKnownFileType = sourcecode.swift; path = AppDelegate.swift; sourceTree = "<group>"; };
		2D49BC02244186C700AE736F /* SceneDelegate.swift */ = {isa = PBXFileReference; lastKnownFileType = sourcecode.swift; path = SceneDelegate.swift; sourceTree = "<group>"; };
		2D49BC04244186C700AE736F /* ViewController.swift */ = {isa = PBXFileReference; lastKnownFileType = sourcecode.swift; path = ViewController.swift; sourceTree = "<group>"; };
		2D49BC07244186C700AE736F /* Base */ = {isa = PBXFileReference; lastKnownFileType = file.storyboard; name = Base; path = Base.lproj/Main.storyboard; sourceTree = "<group>"; };
		2D49BC0A244186C700AE736F /* MyHome.xcdatamodel */ = {isa = PBXFileReference; lastKnownFileType = wrapper.xcdatamodel; path = MyHome.xcdatamodel; sourceTree = "<group>"; };
		2D49BC0C244186CC00AE736F /* Assets.xcassets */ = {isa = PBXFileReference; lastKnownFileType = folder.assetcatalog; path = Assets.xcassets; sourceTree = "<group>"; };
		2D49BC0F244186CC00AE736F /* Base */ = {isa = PBXFileReference; lastKnownFileType = file.storyboard; name = Base; path = Base.lproj/LaunchScreen.storyboard; sourceTree = "<group>"; };
		2D49BC11244186CC00AE736F /* Info.plist */ = {isa = PBXFileReference; lastKnownFileType = text.plist.xml; path = Info.plist; sourceTree = "<group>"; };
		2D49BC22244197B700AE736F /* Styles.swift */ = {isa = PBXFileReference; lastKnownFileType = sourcecode.swift; path = Styles.swift; sourceTree = "<group>"; };
		2D49BC242441990C00AE736F /* RegisterViewController.swift */ = {isa = PBXFileReference; lastKnownFileType = sourcecode.swift; path = RegisterViewController.swift; sourceTree = "<group>"; };
		2D49BC2A24419B9F00AE736F /* ScheduleGuestArrivalViewController.swift */ = {isa = PBXFileReference; lastKnownFileType = sourcecode.swift; path = ScheduleGuestArrivalViewController.swift; sourceTree = "<group>"; };
		2D49BC2E2441C98D00AE736F /* DashboardViewController.swift */ = {isa = PBXFileReference; lastKnownFileType = sourcecode.swift; path = DashboardViewController.swift; sourceTree = "<group>"; };
		2D49BC342441D91800AE736F /* GoogleService-Info.plist */ = {isa = PBXFileReference; fileEncoding = 4; lastKnownFileType = text.plist.xml; path = "GoogleService-Info.plist"; sourceTree = "<group>"; };
		2D49BC362441E0A300AE736F /* CustomAlert.swift */ = {isa = PBXFileReference; lastKnownFileType = sourcecode.swift; path = CustomAlert.swift; sourceTree = "<group>"; };
		2D49BC382441E5BF00AE736F /* HomeNavigationController.swift */ = {isa = PBXFileReference; lastKnownFileType = sourcecode.swift; name = HomeNavigationController.swift; path = MyHome/HomeNavigationController.swift; sourceTree = SOURCE_ROOT; };
		2D5D95C1244354610007D9B2 /* Constants.swift */ = {isa = PBXFileReference; lastKnownFileType = sourcecode.swift; path = Constants.swift; sourceTree = "<group>"; };
		2D7CE2142442302300E5C645 /* Guest.swift */ = {isa = PBXFileReference; lastKnownFileType = sourcecode.swift; path = Guest.swift; sourceTree = "<group>"; };
		2DEB860E24434699006E8676 /* PayBillsViewController.swift */ = {isa = PBXFileReference; lastKnownFileType = sourcecode.swift; path = PayBillsViewController.swift; sourceTree = "<group>"; };
		785D83BB0D5D5E04A2FECA0A /* Pods_MyHome.framework */ = {isa = PBXFileReference; explicitFileType = wrapper.framework; includeInIndex = 0; path = Pods_MyHome.framework; sourceTree = BUILT_PRODUCTS_DIR; };
		AEF1AE0C83F2E3CA261FA660 /* Pods-MyHome.debug.xcconfig */ = {isa = PBXFileReference; includeInIndex = 1; lastKnownFileType = text.xcconfig; name = "Pods-MyHome.debug.xcconfig"; path = "Target Support Files/Pods-MyHome/Pods-MyHome.debug.xcconfig"; sourceTree = "<group>"; };
		F079B1C94B5C784B7B50FD88 /* Pods-MyHome.release.xcconfig */ = {isa = PBXFileReference; includeInIndex = 1; lastKnownFileType = text.xcconfig; name = "Pods-MyHome.release.xcconfig"; path = "Target Support Files/Pods-MyHome/Pods-MyHome.release.xcconfig"; sourceTree = "<group>"; };
/* End PBXFileReference section */

/* Begin PBXFrameworksBuildPhase section */
		2D49BBFA244186C700AE736F /* Frameworks */ = {
			isa = PBXFrameworksBuildPhase;
			buildActionMask = 2147483647;
			files = (
				50B398CDD38E738BE7CF5A2A /* Pods_MyHome.framework in Frameworks */,
			);
			runOnlyForDeploymentPostprocessing = 0;
		};
/* End PBXFrameworksBuildPhase section */

/* Begin PBXGroup section */
		2D49BBF4244186C700AE736F = {
			isa = PBXGroup;
			children = (
				2D49BBFF244186C700AE736F /* MyHome */,
				2D49BBFE244186C700AE736F /* Products */,
				86774D7E6908A9064509637D /* Pods */,
				AEF6AA10D1EADF47402C3BD4 /* Frameworks */,
			);
			sourceTree = "<group>";
		};
		2D49BBFE244186C700AE736F /* Products */ = {
			isa = PBXGroup;
			children = (
				2D49BBFD244186C700AE736F /* MyHome.app */,
			);
			name = Products;
			sourceTree = "<group>";
		};
		2D49BBFF244186C700AE736F /* MyHome */ = {
			isa = PBXGroup;
			children = (
				2D49BC00244186C700AE736F /* AppDelegate.swift */,
				2D49BC02244186C700AE736F /* SceneDelegate.swift */,
				2D49BC0C244186CC00AE736F /* Assets.xcassets */,
				2DEBC122244451B4001BB252 /* Model */,
				2D49BC282441994B00AE736F /* View */,
				2DEBC124244452A6001BB252 /* Controller */,
				2DEBC12324445269001BB252 /* Utilities */,
				2D49BC292441995B00AE736F /* Style Sheets */,
				2D49BC09244186C700AE736F /* MyHome.xcdatamodeld */,
				2D49BC11244186CC00AE736F /* Info.plist */,
				2D49BC342441D91800AE736F /* GoogleService-Info.plist */,
			);
			path = MyHome;
			sourceTree = "<group>";
		};
		2D49BC282441994B00AE736F /* View */ = {
			isa = PBXGroup;
			children = (
				2D49BC06244186C700AE736F /* Main.storyboard */,
				2D49BC0E244186CC00AE736F /* LaunchScreen.storyboard */,
			);
			path = View;
			sourceTree = "<group>";
		};
		2D49BC292441995B00AE736F /* Style Sheets */ = {
			isa = PBXGroup;
			children = (
				2D49BC22244197B700AE736F /* Styles.swift */,
			);
			path = "Style Sheets";
			sourceTree = "<group>";
		};
		2DEBC122244451B4001BB252 /* Model */ = {
			isa = PBXGroup;
			children = (
				2D1CECC124438053008F3AD5 /* Helper.swift */,
				2D7CE2142442302300E5C645 /* Guest.swift */,
			);
			name = Model;
			sourceTree = "<group>";
		};
		2DEBC12324445269001BB252 /* Utilities */ = {
			isa = PBXGroup;
			children = (
				2D5D95C1244354610007D9B2 /* Constants.swift */,
				2D49BC362441E0A300AE736F /* CustomAlert.swift */,
			);
			name = Utilities;
			sourceTree = "<group>";
		};
		2DEBC124244452A6001BB252 /* Controller */ = {
			isa = PBXGroup;
			children = (
				2D0499842443772000C2F193 /* GetHelpTableViewController.swift */,
				2D1CECC324438986008F3AD5 /* HelperViewController.swift */,
				2D04998624437E3F00C2F193 /* GetHelpTableViewCell.swift */,
				2D49BC382441E5BF00AE736F /* HomeNavigationController.swift */,
				2DEB860E24434699006E8676 /* PayBillsViewController.swift */,
				2D49BC2A24419B9F00AE736F /* ScheduleGuestArrivalViewController.swift */,
				2D49BC2E2441C98D00AE736F /* DashboardViewController.swift */,
				2D49BC242441990C00AE736F /* RegisterViewController.swift */,
				2D49BC04244186C700AE736F /* ViewController.swift */,
			);
			name = Controller;
			sourceTree = "<group>";
		};
		86774D7E6908A9064509637D /* Pods */ = {
			isa = PBXGroup;
			children = (
				AEF1AE0C83F2E3CA261FA660 /* Pods-MyHome.debug.xcconfig */,
				F079B1C94B5C784B7B50FD88 /* Pods-MyHome.release.xcconfig */,
			);
			path = Pods;
			sourceTree = "<group>";
		};
		AEF6AA10D1EADF47402C3BD4 /* Frameworks */ = {
			isa = PBXGroup;
			children = (
				785D83BB0D5D5E04A2FECA0A /* Pods_MyHome.framework */,
			);
			name = Frameworks;
			sourceTree = "<group>";
		};
/* End PBXGroup section */

/* Begin PBXNativeTarget section */
		2D49BBFC244186C700AE736F /* MyHome */ = {
			isa = PBXNativeTarget;
			buildConfigurationList = 2D49BC14244186CC00AE736F /* Build configuration list for PBXNativeTarget "MyHome" */;
			buildPhases = (
				9C0340DA8E81CAEDBCCE035D /* [CP] Check Pods Manifest.lock */,
				2D49BBF9244186C700AE736F /* Sources */,
				2D49BBFA244186C700AE736F /* Frameworks */,
				2D49BBFB244186C700AE736F /* Resources */,
				BD141603AAFFE627BA888ED8 /* [CP] Embed Pods Frameworks */,
			);
			buildRules = (
			);
			dependencies = (
			);
			name = MyHome;
			productName = MyHome;
			productReference = 2D49BBFD244186C700AE736F /* MyHome.app */;
			productType = "com.apple.product-type.application";
		};
/* End PBXNativeTarget section */

/* Begin PBXProject section */
		2D49BBF5244186C700AE736F /* Project object */ = {
			isa = PBXProject;
			attributes = {
				LastSwiftUpdateCheck = 1140;
				LastUpgradeCheck = 1140;
				ORGANIZATIONNAME = "Ramya Seshagiri";
				TargetAttributes = {
					2D49BBFC244186C700AE736F = {
						CreatedOnToolsVersion = 11.4;
					};
				};
			};
			buildConfigurationList = 2D49BBF8244186C700AE736F /* Build configuration list for PBXProject "MyHome" */;
			compatibilityVersion = "Xcode 9.3";
			developmentRegion = en;
			hasScannedForEncodings = 0;
			knownRegions = (
				en,
				Base,
			);
			mainGroup = 2D49BBF4244186C700AE736F;
			productRefGroup = 2D49BBFE244186C700AE736F /* Products */;
			projectDirPath = "";
			projectRoot = "";
			targets = (
				2D49BBFC244186C700AE736F /* MyHome */,
			);
		};
/* End PBXProject section */

/* Begin PBXResourcesBuildPhase section */
		2D49BBFB244186C700AE736F /* Resources */ = {
			isa = PBXResourcesBuildPhase;
			buildActionMask = 2147483647;
			files = (
				2D49BC10244186CC00AE736F /* LaunchScreen.storyboard in Resources */,
				2D49BC0D244186CC00AE736F /* Assets.xcassets in Resources */,
				2D49BC352441D91800AE736F /* GoogleService-Info.plist in Resources */,
				2D49BC08244186C700AE736F /* Main.storyboard in Resources */,
			);
			runOnlyForDeploymentPostprocessing = 0;
		};
/* End PBXResourcesBuildPhase section */

/* Begin PBXShellScriptBuildPhase section */
		9C0340DA8E81CAEDBCCE035D /* [CP] Check Pods Manifest.lock */ = {
			isa = PBXShellScriptBuildPhase;
			buildActionMask = 2147483647;
			files = (
			);
			inputFileListPaths = (
			);
			inputPaths = (
				"${PODS_PODFILE_DIR_PATH}/Podfile.lock",
				"${PODS_ROOT}/Manifest.lock",
			);
			name = "[CP] Check Pods Manifest.lock";
			outputFileListPaths = (
			);
			outputPaths = (
				"$(DERIVED_FILE_DIR)/Pods-MyHome-checkManifestLockResult.txt",
			);
			runOnlyForDeploymentPostprocessing = 0;
			shellPath = /bin/sh;
			shellScript = "diff \"${PODS_PODFILE_DIR_PATH}/Podfile.lock\" \"${PODS_ROOT}/Manifest.lock\" > /dev/null\nif [ $? != 0 ] ; then\n    # print error to STDERR\n    echo \"error: The sandbox is not in sync with the Podfile.lock. Run 'pod install' or update your CocoaPods installation.\" >&2\n    exit 1\nfi\n# This output is used by Xcode 'outputs' to avoid re-running this script phase.\necho \"SUCCESS\" > \"${SCRIPT_OUTPUT_FILE_0}\"\n";
			showEnvVarsInLog = 0;
		};
		BD141603AAFFE627BA888ED8 /* [CP] Embed Pods Frameworks */ = {
			isa = PBXShellScriptBuildPhase;
			buildActionMask = 2147483647;
			files = (
			);
			inputFileListPaths = (
				"${PODS_ROOT}/Target Support Files/Pods-MyHome/Pods-MyHome-frameworks-${CONFIGURATION}-input-files.xcfilelist",
			);
			name = "[CP] Embed Pods Frameworks";
			outputFileListPaths = (
				"${PODS_ROOT}/Target Support Files/Pods-MyHome/Pods-MyHome-frameworks-${CONFIGURATION}-output-files.xcfilelist",
			);
			runOnlyForDeploymentPostprocessing = 0;
			shellPath = /bin/sh;
			shellScript = "\"${PODS_ROOT}/Target Support Files/Pods-MyHome/Pods-MyHome-frameworks.sh\"\n";
			showEnvVarsInLog = 0;
		};
/* End PBXShellScriptBuildPhase section */

/* Begin PBXSourcesBuildPhase section */
		2D49BBF9244186C700AE736F /* Sources */ = {
			isa = PBXSourcesBuildPhase;
			buildActionMask = 2147483647;
			files = (
				2D49BC05244186C700AE736F /* ViewController.swift in Sources */,
				2D1CECC424438986008F3AD5 /* HelperViewController.swift in Sources */,
				2D7CE2152442302300E5C645 /* Guest.swift in Sources */,
				2D49BC01244186C700AE736F /* AppDelegate.swift in Sources */,
				2D49BC0B244186C700AE736F /* MyHome.xcdatamodeld in Sources */,
				2D49BC252441990C00AE736F /* RegisterViewController.swift in Sources */,
				2D49BC392441E5BF00AE736F /* HomeNavigationController.swift in Sources */,
				2D0499852443772000C2F193 /* GetHelpTableViewController.swift in Sources */,
				2D1CECC224438053008F3AD5 /* Helper.swift in Sources */,
				2DEB860F24434699006E8676 /* PayBillsViewController.swift in Sources */,
				2D5D95C2244354610007D9B2 /* Constants.swift in Sources */,
				2D49BC23244197B700AE736F /* Styles.swift in Sources */,
				2D49BC2B24419B9F00AE736F /* ScheduleGuestArrivalViewController.swift in Sources */,
				2D49BC03244186C700AE736F /* SceneDelegate.swift in Sources */,
				2D49BC2F2441C98D00AE736F /* DashboardViewController.swift in Sources */,
				2D04998724437E3F00C2F193 /* GetHelpTableViewCell.swift in Sources */,
				2D49BC372441E0A300AE736F /* CustomAlert.swift in Sources */,
			);
			runOnlyForDeploymentPostprocessing = 0;
		};
/* End PBXSourcesBuildPhase section */

/* Begin PBXVariantGroup section */
		2D49BC06244186C700AE736F /* Main.storyboard */ = {
			isa = PBXVariantGroup;
			children = (
				2D49BC07244186C700AE736F /* Base */,
			);
			name = Main.storyboard;
			sourceTree = "<group>";
		};
		2D49BC0E244186CC00AE736F /* LaunchScreen.storyboard */ = {
			isa = PBXVariantGroup;
			children = (
				2D49BC0F244186CC00AE736F /* Base */,
			);
			name = LaunchScreen.storyboard;
			sourceTree = "<group>";
		};
/* End PBXVariantGroup section */

/* Begin XCBuildConfiguration section */
		2D49BC12244186CC00AE736F /* Debug */ = {
			isa = XCBuildConfiguration;
			buildSettings = {
				ALWAYS_SEARCH_USER_PATHS = NO;
				CLANG_ANALYZER_NONNULL = YES;
				CLANG_ANALYZER_NUMBER_OBJECT_CONVERSION = YES_AGGRESSIVE;
				CLANG_CXX_LANGUAGE_STANDARD = "gnu++14";
				CLANG_CXX_LIBRARY = "libc++";
				CLANG_ENABLE_MODULES = YES;
				CLANG_ENABLE_OBJC_ARC = YES;
				CLANG_ENABLE_OBJC_WEAK = YES;
				CLANG_WARN_BLOCK_CAPTURE_AUTORELEASING = YES;
				CLANG_WARN_BOOL_CONVERSION = YES;
				CLANG_WARN_COMMA = YES;
				CLANG_WARN_CONSTANT_CONVERSION = YES;
				CLANG_WARN_DEPRECATED_OBJC_IMPLEMENTATIONS = YES;
				CLANG_WARN_DIRECT_OBJC_ISA_USAGE = YES_ERROR;
				CLANG_WARN_DOCUMENTATION_COMMENTS = YES;
				CLANG_WARN_EMPTY_BODY = YES;
				CLANG_WARN_ENUM_CONVERSION = YES;
				CLANG_WARN_INFINITE_RECURSION = YES;
				CLANG_WARN_INT_CONVERSION = YES;
				CLANG_WARN_NON_LITERAL_NULL_CONVERSION = YES;
				CLANG_WARN_OBJC_IMPLICIT_RETAIN_SELF = YES;
				CLANG_WARN_OBJC_LITERAL_CONVERSION = YES;
				CLANG_WARN_OBJC_ROOT_CLASS = YES_ERROR;
				CLANG_WARN_RANGE_LOOP_ANALYSIS = YES;
				CLANG_WARN_STRICT_PROTOTYPES = YES;
				CLANG_WARN_SUSPICIOUS_MOVE = YES;
				CLANG_WARN_UNGUARDED_AVAILABILITY = YES_AGGRESSIVE;
				CLANG_WARN_UNREACHABLE_CODE = YES;
				CLANG_WARN__DUPLICATE_METHOD_MATCH = YES;
				COPY_PHASE_STRIP = NO;
				DEBUG_INFORMATION_FORMAT = dwarf;
				ENABLE_STRICT_OBJC_MSGSEND = YES;
				ENABLE_TESTABILITY = YES;
				GCC_C_LANGUAGE_STANDARD = gnu11;
				GCC_DYNAMIC_NO_PIC = NO;
				GCC_NO_COMMON_BLOCKS = YES;
				GCC_OPTIMIZATION_LEVEL = 0;
				GCC_PREPROCESSOR_DEFINITIONS = (
					"DEBUG=1",
					"$(inherited)",
				);
				GCC_WARN_64_TO_32_BIT_CONVERSION = YES;
				GCC_WARN_ABOUT_RETURN_TYPE = YES_ERROR;
				GCC_WARN_UNDECLARED_SELECTOR = YES;
				GCC_WARN_UNINITIALIZED_AUTOS = YES_AGGRESSIVE;
				GCC_WARN_UNUSED_FUNCTION = YES;
				GCC_WARN_UNUSED_VARIABLE = YES;
				IPHONEOS_DEPLOYMENT_TARGET = 13.4;
				MTL_ENABLE_DEBUG_INFO = INCLUDE_SOURCE;
				MTL_FAST_MATH = YES;
				ONLY_ACTIVE_ARCH = YES;
				SDKROOT = iphoneos;
				SWIFT_ACTIVE_COMPILATION_CONDITIONS = DEBUG;
				SWIFT_OPTIMIZATION_LEVEL = "-Onone";
			};
			name = Debug;
		};
		2D49BC13244186CC00AE736F /* Release */ = {
			isa = XCBuildConfiguration;
			buildSettings = {
				ALWAYS_SEARCH_USER_PATHS = NO;
				CLANG_ANALYZER_NONNULL = YES;
				CLANG_ANALYZER_NUMBER_OBJECT_CONVERSION = YES_AGGRESSIVE;
				CLANG_CXX_LANGUAGE_STANDARD = "gnu++14";
				CLANG_CXX_LIBRARY = "libc++";
				CLANG_ENABLE_MODULES = YES;
				CLANG_ENABLE_OBJC_ARC = YES;
				CLANG_ENABLE_OBJC_WEAK = YES;
				CLANG_WARN_BLOCK_CAPTURE_AUTORELEASING = YES;
				CLANG_WARN_BOOL_CONVERSION = YES;
				CLANG_WARN_COMMA = YES;
				CLANG_WARN_CONSTANT_CONVERSION = YES;
				CLANG_WARN_DEPRECATED_OBJC_IMPLEMENTATIONS = YES;
				CLANG_WARN_DIRECT_OBJC_ISA_USAGE = YES_ERROR;
				CLANG_WARN_DOCUMENTATION_COMMENTS = YES;
				CLANG_WARN_EMPTY_BODY = YES;
				CLANG_WARN_ENUM_CONVERSION = YES;
				CLANG_WARN_INFINITE_RECURSION = YES;
				CLANG_WARN_INT_CONVERSION = YES;
				CLANG_WARN_NON_LITERAL_NULL_CONVERSION = YES;
				CLANG_WARN_OBJC_IMPLICIT_RETAIN_SELF = YES;
				CLANG_WARN_OBJC_LITERAL_CONVERSION = YES;
				CLANG_WARN_OBJC_ROOT_CLASS = YES_ERROR;
				CLANG_WARN_RANGE_LOOP_ANALYSIS = YES;
				CLANG_WARN_STRICT_PROTOTYPES = YES;
				CLANG_WARN_SUSPICIOUS_MOVE = YES;
				CLANG_WARN_UNGUARDED_AVAILABILITY = YES_AGGRESSIVE;
				CLANG_WARN_UNREACHABLE_CODE = YES;
				CLANG_WARN__DUPLICATE_METHOD_MATCH = YES;
				COPY_PHASE_STRIP = NO;
				DEBUG_INFORMATION_FORMAT = "dwarf-with-dsym";
				ENABLE_NS_ASSERTIONS = NO;
				ENABLE_STRICT_OBJC_MSGSEND = YES;
				GCC_C_LANGUAGE_STANDARD = gnu11;
				GCC_NO_COMMON_BLOCKS = YES;
				GCC_WARN_64_TO_32_BIT_CONVERSION = YES;
				GCC_WARN_ABOUT_RETURN_TYPE = YES_ERROR;
				GCC_WARN_UNDECLARED_SELECTOR = YES;
				GCC_WARN_UNINITIALIZED_AUTOS = YES_AGGRESSIVE;
				GCC_WARN_UNUSED_FUNCTION = YES;
				GCC_WARN_UNUSED_VARIABLE = YES;
				IPHONEOS_DEPLOYMENT_TARGET = 13.4;
				MTL_ENABLE_DEBUG_INFO = NO;
				MTL_FAST_MATH = YES;
				SDKROOT = iphoneos;
				SWIFT_COMPILATION_MODE = wholemodule;
				SWIFT_OPTIMIZATION_LEVEL = "-O";
				VALIDATE_PRODUCT = YES;
			};
			name = Release;
		};
		2D49BC15244186CC00AE736F /* Debug */ = {
			isa = XCBuildConfiguration;
			baseConfigurationReference = AEF1AE0C83F2E3CA261FA660 /* Pods-MyHome.debug.xcconfig */;
			buildSettings = {
				ASSETCATALOG_COMPILER_APPICON_NAME = AppIcon;
				CODE_SIGN_STYLE = Automatic;
				DEVELOPMENT_TEAM = 42GPR649QW;
				INFOPLIST_FILE = MyHome/Info.plist;
				LD_RUNPATH_SEARCH_PATHS = (
					"$(inherited)",
					"@executable_path/Frameworks",
				);
				PRODUCT_BUNDLE_IDENTIFIER = ramya.ers.MyHome;
				PRODUCT_NAME = "$(TARGET_NAME)";
				SWIFT_VERSION = 5.0;
				TARGETED_DEVICE_FAMILY = 1;
			};
			name = Debug;
		};
		2D49BC16244186CC00AE736F /* Release */ = {
			isa = XCBuildConfiguration;
			baseConfigurationReference = F079B1C94B5C784B7B50FD88 /* Pods-MyHome.release.xcconfig */;
			buildSettings = {
				ASSETCATALOG_COMPILER_APPICON_NAME = AppIcon;
				CODE_SIGN_STYLE = Automatic;
				DEVELOPMENT_TEAM = 42GPR649QW;
				INFOPLIST_FILE = MyHome/Info.plist;
				LD_RUNPATH_SEARCH_PATHS = (
					"$(inherited)",
					"@executable_path/Frameworks",
				);
				PRODUCT_BUNDLE_IDENTIFIER = ramya.ers.MyHome;
				PRODUCT_NAME = "$(TARGET_NAME)";
				SWIFT_VERSION = 5.0;
				TARGETED_DEVICE_FAMILY = 1;
			};
			name = Release;
		};
/* End XCBuildConfiguration section */

/* Begin XCConfigurationList section */
		2D49BBF8244186C700AE736F /* Build configuration list for PBXProject "MyHome" */ = {
			isa = XCConfigurationList;
			buildConfigurations = (
				2D49BC12244186CC00AE736F /* Debug */,
				2D49BC13244186CC00AE736F /* Release */,
			);
			defaultConfigurationIsVisible = 0;
			defaultConfigurationName = Release;
		};
		2D49BC14244186CC00AE736F /* Build configuration list for PBXNativeTarget "MyHome" */ = {
			isa = XCConfigurationList;
			buildConfigurations = (
				2D49BC15244186CC00AE736F /* Debug */,
				2D49BC16244186CC00AE736F /* Release */,
			);
			defaultConfigurationIsVisible = 0;
			defaultConfigurationName = Release;
		};
/* End XCConfigurationList section */

/* Begin XCVersionGroup section */
		2D49BC09244186C700AE736F /* MyHome.xcdatamodeld */ = {
			isa = XCVersionGroup;
			children = (
				2D49BC0A244186C700AE736F /* MyHome.xcdatamodel */,
			);
			currentVersion = 2D49BC0A244186C700AE736F /* MyHome.xcdatamodel */;
			path = MyHome.xcdatamodeld;
			sourceTree = "<group>";
			versionGroupType = wrapper.xcdatamodel;
		};
/* End XCVersionGroup section */
	};
	rootObject = 2D49BBF5244186C700AE736F /* Project object */;
}
